<?xml version="1.0" encoding="utf-8"?>
<Project ToolsVersion="4.0" xmlns="http://schemas.microsoft.com/developer/msbuild/2003">
  <ItemGroup>
    <Filter Include="资源文件">
      <UniqueIdentifier>{67DA6AB6-F800-4c08-8B7A-83BB121AAD01}</UniqueIdentifier>
      <Extensions>rc;ico;cur;bmp;dlg;rc2;rct;bin;rgs;gif;jpg;jpeg;jpe;resx;tiff;tif;png;wav;mfcribbon-ms</Extensions>
    </Filter>
    <Filter Include="impl">
      <UniqueIdentifier>{4FC737F1-C7A5-4376-A066-2A32D752A2FF}</UniqueIdentifier>
      <Extensions>cpp;c;cc;cxx;def;odl;idl;hpj;bat;asm;asmx</Extensions>
    </Filter>
    <Filter Include="main">
      <UniqueIdentifier>{93995380-89BD-4b04-88EB-625FBE52EBFB}</UniqueIdentifier>
      <Extensions>h;hpp;hxx;hm;inl;inc;xsd</Extensions>
    </Filter>
    <Filter Include="impl\cmd">
      <UniqueIdentifier>{3a98f2f5-f26d-43a8-891b-a479b81c471f}</UniqueIdentifier>
    </Filter>
  </ItemGroup>
  <ItemGroup>
    <None Include="ReadMe.txt" />
    <None Include="PyDbg.def">
      <Filter>main</Filter>
    </None>
  </ItemGroup>
  <ItemGroup>
    <ClInclude Include="stdafx.h">
      <Filter>main</Filter>
    </ClInclude>
    <ClInclude Include="targetver.h">
      <Filter>main</Filter>
    </ClInclude>
    <ClInclude Include="PyDbg.h">
      <Filter>main</Filter>
    </ClInclude>
    <ClInclude Include="dbghelper.h">
      <Filter>impl</Filter>
    </ClInclude>
    <ClInclude Include="pyenv.h">
      <Filter>impl</Filter>
    </ClInclude>
    <ClInclude Include="pyframe.h">
      <Filter>impl\cmd</Filter>
    </ClInclude>
    <ClInclude Include="pythread.h">
      <Filter>impl\cmd</Filter>
    </ClInclude>
    <ClInclude Include="pyobj.h">
      <Filter>impl\cmd</Filter>
    </ClInclude>
    <ClInclude Include="pycmd.h">
      <Filter>impl\cmd</Filter>
    </ClInclude>
    <ClInclude Include="test_pydml.h">
      <Filter>impl\cmd</Filter>
    </ClInclude>
    <ClInclude Include="pyobjimpl.h">
      <Filter>impl\cmd</Filter>
    </ClInclude>
    <ClInclude Include="pyobjdef.h">
      <Filter>impl\cmd</Filter>
    </ClInclude>
    <ClInclude Include="pyobject.h">
      <Filter>impl\cmd</Filter>
    </ClInclude>
  </ItemGroup>
  <ItemGroup>
    <ClCompile Include="dbghelper.cpp">
      <Filter>impl</Filter>
    </ClCompile>
    <ClCompile Include="PyDbg.cpp">
      <Filter>main</Filter>
    </ClCompile>
    <ClCompile Include="stdafx.cpp">
      <Filter>main</Filter>
    </ClCompile>
    <ClCompile Include="pyenv.cpp">
      <Filter>impl</Filter>
    </ClCompile>
    <ClCompile Include="pyframe.cpp">
      <Filter>impl\cmd</Filter>
    </ClCompile>
    <ClCompile Include="pythread.cpp">
      <Filter>impl\cmd</Filter>
    </ClCompile>
    <ClCompile Include="pyobj.cpp">
      <Filter>impl\cmd</Filter>
    </ClCompile>
    <ClCompile Include="pycmd.cpp">
      <Filter>impl\cmd</Filter>
    </ClCompile>
    <ClCompile Include="test_pydml.cpp">
      <Filter>impl\cmd</Filter>
    </ClCompile>
    <ClCompile Include="pyobjimpl.cpp">
      <Filter>impl\cmd</Filter>
    </ClCompile>
    <ClCompile Include="pyobject.cpp">
      <Filter>impl\cmd</Filter>
    </ClCompile>
  </ItemGroup>
</Project>